
Microsoft Visual Studio Solution File, Format Version 12.00
# Visual Studio Version 17
VisualStudioVersion = 17.7.34202.233
MinimumVisualStudioVersion = 10.0.40219.1
Project("{FAE04EC0-301F-11D3-BF4B-00C04F79EFBC}") = "VideoPlayer", "VideoPlayer\VideoPlayer.csproj", "{A81CB8A9-BA4E-4D66-9A52-A9DB2A1AC91D}"
EndProject
Global
	GlobalSection(SolutionConfigurationPlatforms) = preSolution
		Debug|Any CPU = Debug|Any CPU
		Release|Any CPU = Release|Any CPU
	EndGlobalSection
	GlobalSection(ProjectConfigurationPlatforms) = postSolution
		{A81CB8A9-BA4E-4D66-9A52-A9DB2A1AC91D}.Debug|Any CPU.ActiveCfg = Debug|Any CPU
		{A81CB8A9-BA4E-4D66-9A52-A9DB2A1AC91D}.Debug|Any CPU.Build.0 = Debug|Any CPU
		{A81CB8A9-BA4E-4D66-9A52-A9DB2A1AC91D}.Release|Any CPU.ActiveCfg = Release|Any CPU
		{A81CB8A9-BA4E-4D66-9A52-A9DB2A1AC91D}.Release|Any CPU.Build.0 = Release|Any CPU
	EndGlobalSection
	GlobalSection(SolutionProperties) = preSolution
		HideSolutionNode = FALSE
	EndGlobalSection
	GlobalSection(ExtensibilityGlobals) = postSolution
		SolutionGuid = {6A3592C8-20B5-4087-B127-DEA466933D59}
	EndGlobalSection
EndGlobal
